
Microsoft Visual Studio Solution File, Format Version 12.00
# Visual Studio 2013
VisualStudioVersion = 12.0.21005.1
MinimumVisualStudioVersion = 10.0.40219.1
Project("{8BC9CEB8-8B4A-11D0-8D11-00A0C91BC942}") = "test_5_31", "test_5_31\test_5_31.vcxproj", "{FD4C2FE2-7063-4041-AD91-AB7545BBD282}"
EndProject
Global
	GlobalSection(SolutionConfigurationPlatforms) = preSolution
		Debug|Win32 = Debug|Win32
		Release|Win32 = Release|Win32
	EndGlobalSection
	GlobalSection(ProjectConfigurationPlatforms) = postSolution
		{FD4C2FE2-7063-4041-AD91-AB7545BBD282}.Debug|Win32.ActiveCfg = Debug|Win32
		{FD4C2FE2-7063-4041-AD91-AB7545BBD282}.Debug|Win32.Build.0 = Debug|Win32
		{FD4C2FE2-7063-4041-AD91-AB7545BBD282}.Release|Win32.ActiveCfg = Release|Win32
		{FD4C2FE2-7063-4041-AD91-AB7545BBD282}.Release|Win32.Build.0 = Release|Win32
	EndGlobalSection
	GlobalSection(SolutionProperties) = preSolution
		HideSolutionNode = FALSE
	EndGlobalSection
EndGlobal
